
Microsoft Visual Studio Solution File, Format Version 12.00
# Visual Studio Version 16
VisualStudioVersion = 16.0.30011.22
MinimumVisualStudioVersion = 15.0.26124.0
Project("{2150E333-8FDC-42A3-9474-1A3956D46DE8}") = "pub-sub", "pub-sub", "{19F0D62F-C9A7-4735-999C-208AA22C1496}"
EndProject
Project("{9A19103F-16F7-4668-BE54-9A1E7A4F7556}") = "publisher", "pub-sub\publisher\publisher.csproj", "{C0BAFD1E-7CAF-4FFD-A891-F460093292C4}"
EndProject
Project("{9A19103F-16F7-4668-BE54-9A1E7A4F7556}") = "subscriber", "pub-sub\subscriber\subscriber.csproj", "{5490BC4F-55A5-4BDA-80DA-F24DACCA2571}"
EndProject
Project("{9A19103F-16F7-4668-BE54-9A1E7A4F7556}") = "MessageData", "MessageData\MessageData.csproj", "{191B6245-33CC-4D41-91DE-41CD4F9CF824}"
EndProject
Project("{2150E333-8FDC-42A3-9474-1A3956D46DE8}") = "DirectRouting", "DirectRouting", "{F7683125-C116-4C30-8C48-2A614128C8C0}"
EndProject
Project("{9A19103F-16F7-4668-BE54-9A1E7A4F7556}") = "DirectRoutingPublisher", "DirectRouting\DirectRoutingPublisher\DirectRoutingPublisher.csproj", "{8A83AAF7-EBBF-4207-AA2D-14D33810D7E8}"
EndProject
Project("{9A19103F-16F7-4668-BE54-9A1E7A4F7556}") = "DirectRoutingSubscriber", "DirectRouting\DirectRoutingSubscriber\DirectRoutingSubscriber.csproj", "{E52AC238-5B4A-4732-812B-AC70F6805BB2}"
EndProject
Project("{FAE04EC0-301F-11D3-BF4B-00C04F79EFBC}") = "DirectRoutingPaymentSubscriber", "DirectRoutingPaymentSubscriber\DirectRoutingPaymentSubscriber.csproj", "{34E68556-F7DF-41F1-B3D1-0DD6DDDF12A6}"
EndProject
Project("{2150E333-8FDC-42A3-9474-1A3956D46DE8}") = "TopicExchange", "TopicExchange", "{CFC05672-CD8C-45E7-A838-D06B0E55ED7F}"
EndProject
Project("{FAE04EC0-301F-11D3-BF4B-00C04F79EFBC}") = "TopicExchangePublisher", "TopicExchangePublisher\TopicExchangePublisher.csproj", "{07AFDFD4-93A5-4E3B-8708-63D82995805A}"
EndProject
Project("{FAE04EC0-301F-11D3-BF4B-00C04F79EFBC}") = "TopicExchangePaymentSubscriber", "TopicExchangePaymentSubscriber\TopicExchangePaymentSubscriber.csproj", "{09CB1592-49AF-401E-AF51-30467C0B86BA}"
EndProject
Project("{FAE04EC0-301F-11D3-BF4B-00C04F79EFBC}") = "TopixExchangeBookOrderSubscriber", "TopixExchangeBookOrderSubscriber\TopixExchangeBookOrderSubscriber.csproj", "{B51F314B-306F-4759-A1AE-5358210EF3B2}"
EndProject
Project("{FAE04EC0-301F-11D3-BF4B-00C04F79EFBC}") = "TopicExchangeSubscriber", "TopicExchangeSubscriber\TopicExchangeSubscriber.csproj", "{DF8B9E52-58BC-4789-B341-A87003802F5E}"
EndProject
Global
	GlobalSection(SolutionConfigurationPlatforms) = preSolution
		Debug|Any CPU = Debug|Any CPU
		Debug|x64 = Debug|x64
		Debug|x86 = Debug|x86
		Release|Any CPU = Release|Any CPU
		Release|x64 = Release|x64
		Release|x86 = Release|x86
	EndGlobalSection
	GlobalSection(ProjectConfigurationPlatforms) = postSolution
		{C0BAFD1E-7CAF-4FFD-A891-F460093292C4}.Debug|Any CPU.ActiveCfg = Debug|Any CPU
		{C0BAFD1E-7CAF-4FFD-A891-F460093292C4}.Debug|Any CPU.Build.0 = Debug|Any CPU
		{C0BAFD1E-7CAF-4FFD-A891-F460093292C4}.Debug|x64.ActiveCfg = Debug|Any CPU
		{C0BAFD1E-7CAF-4FFD-A891-F460093292C4}.Debug|x64.Build.0 = Debug|Any CPU
		{C0BAFD1E-7CAF-4FFD-A891-F460093292C4}.Debug|x86.ActiveCfg = Debug|Any CPU
		{C0BAFD1E-7CAF-4FFD-A891-F460093292C4}.Debug|x86.Build.0 = Debug|Any CPU
		{C0BAFD1E-7CAF-4FFD-A891-F460093292C4}.Release|Any CPU.ActiveCfg = Release|Any CPU
		{C0BAFD1E-7CAF-4FFD-A891-F460093292C4}.Release|Any CPU.Build.0 = Release|Any CPU
		{C0BAFD1E-7CAF-4FFD-A891-F460093292C4}.Release|x64.ActiveCfg = Release|Any CPU
		{C0BAFD1E-7CAF-4FFD-A891-F460093292C4}.Release|x64.Build.0 = Release|Any CPU
		{C0BAFD1E-7CAF-4FFD-A891-F460093292C4}.Release|x86.ActiveCfg = Release|Any CPU
		{C0BAFD1E-7CAF-4FFD-A891-F460093292C4}.Release|x86.Build.0 = Release|Any CPU
		{5490BC4F-55A5-4BDA-80DA-F24DACCA2571}.Debug|Any CPU.ActiveCfg = Debug|Any CPU
		{5490BC4F-55A5-4BDA-80DA-F24DACCA2571}.Debug|Any CPU.Build.0 = Debug|Any CPU
		{5490BC4F-55A5-4BDA-80DA-F24DACCA2571}.Debug|x64.ActiveCfg = Debug|Any CPU
		{5490BC4F-55A5-4BDA-80DA-F24DACCA2571}.Debug|x64.Build.0 = Debug|Any CPU
		{5490BC4F-55A5-4BDA-80DA-F24DACCA2571}.Debug|x86.ActiveCfg = Debug|Any CPU
		{5490BC4F-55A5-4BDA-80DA-F24DACCA2571}.Debug|x86.Build.0 = Debug|Any CPU
		{5490BC4F-55A5-4BDA-80DA-F24DACCA2571}.Release|Any CPU.ActiveCfg = Release|Any CPU
		{5490BC4F-55A5-4BDA-80DA-F24DACCA2571}.Release|Any CPU.Build.0 = Release|Any CPU
		{5490BC4F-55A5-4BDA-80DA-F24DACCA2571}.Release|x64.ActiveCfg = Release|Any CPU
		{5490BC4F-55A5-4BDA-80DA-F24DACCA2571}.Release|x64.Build.0 = Release|Any CPU
		{5490BC4F-55A5-4BDA-80DA-F24DACCA2571}.Release|x86.ActiveCfg = Release|Any CPU
		{5490BC4F-55A5-4BDA-80DA-F24DACCA2571}.Release|x86.Build.0 = Release|Any CPU
		{191B6245-33CC-4D41-91DE-41CD4F9CF824}.Debug|Any CPU.ActiveCfg = Debug|Any CPU
		{191B6245-33CC-4D41-91DE-41CD4F9CF824}.Debug|Any CPU.Build.0 = Debug|Any CPU
		{191B6245-33CC-4D41-91DE-41CD4F9CF824}.Debug|x64.ActiveCfg = Debug|Any CPU
		{191B6245-33CC-4D41-91DE-41CD4F9CF824}.Debug|x64.Build.0 = Debug|Any CPU
		{191B6245-33CC-4D41-91DE-41CD4F9CF824}.Debug|x86.ActiveCfg = Debug|Any CPU
		{191B6245-33CC-4D41-91DE-41CD4F9CF824}.Debug|x86.Build.0 = Debug|Any CPU
		{191B6245-33CC-4D41-91DE-41CD4F9CF824}.Release|Any CPU.ActiveCfg = Release|Any CPU
		{191B6245-33CC-4D41-91DE-41CD4F9CF824}.Release|Any CPU.Build.0 = Release|Any CPU
		{191B6245-33CC-4D41-91DE-41CD4F9CF824}.Release|x64.ActiveCfg = Release|Any CPU
		{191B6245-33CC-4D41-91DE-41CD4F9CF824}.Release|x64.Build.0 = Release|Any CPU
		{191B6245-33CC-4D41-91DE-41CD4F9CF824}.Release|x86.ActiveCfg = Release|Any CPU
		{191B6245-33CC-4D41-91DE-41CD4F9CF824}.Release|x86.Build.0 = Release|Any CPU
		{8A83AAF7-EBBF-4207-AA2D-14D33810D7E8}.Debug|Any CPU.ActiveCfg = Debug|Any CPU
		{8A83AAF7-EBBF-4207-AA2D-14D33810D7E8}.Debug|Any CPU.Build.0 = Debug|Any CPU
		{8A83AAF7-EBBF-4207-AA2D-14D33810D7E8}.Debug|x64.ActiveCfg = Debug|Any CPU
		{8A83AAF7-EBBF-4207-AA2D-14D33810D7E8}.Debug|x64.Build.0 = Debug|Any CPU
		{8A83AAF7-EBBF-4207-AA2D-14D33810D7E8}.Debug|x86.ActiveCfg = Debug|Any CPU
		{8A83AAF7-EBBF-4207-AA2D-14D33810D7E8}.Debug|x86.Build.0 = Debug|Any CPU
		{8A83AAF7-EBBF-4207-AA2D-14D33810D7E8}.Release|Any CPU.ActiveCfg = Release|Any CPU
		{8A83AAF7-EBBF-4207-AA2D-14D33810D7E8}.Release|Any CPU.Build.0 = Release|Any CPU
		{8A83AAF7-EBBF-4207-AA2D-14D33810D7E8}.Release|x64.ActiveCfg = Release|Any CPU
		{8A83AAF7-EBBF-4207-AA2D-14D33810D7E8}.Release|x64.Build.0 = Release|Any CPU
		{8A83AAF7-EBBF-4207-AA2D-14D33810D7E8}.Release|x86.ActiveCfg = Release|Any CPU
		{8A83AAF7-EBBF-4207-AA2D-14D33810D7E8}.Release|x86.Build.0 = Release|Any CPU
		{E52AC238-5B4A-4732-812B-AC70F6805BB2}.Debug|Any CPU.ActiveCfg = Debug|Any CPU
		{E52AC238-5B4A-4732-812B-AC70F6805BB2}.Debug|Any CPU.Build.0 = Debug|Any CPU
		{E52AC238-5B4A-4732-812B-AC70F6805BB2}.Debug|x64.ActiveCfg = Debug|Any CPU
		{E52AC238-5B4A-4732-812B-AC70F6805BB2}.Debug|x64.Build.0 = Debug|Any CPU
		{E52AC238-5B4A-4732-812B-AC70F6805BB2}.Debug|x86.ActiveCfg = Debug|Any CPU
		{E52AC238-5B4A-4732-812B-AC70F6805BB2}.Debug|x86.Build.0 = Debug|Any CPU
		{E52AC238-5B4A-4732-812B-AC70F6805BB2}.Release|Any CPU.ActiveCfg = Release|Any CPU
		{E52AC238-5B4A-4732-812B-AC70F6805BB2}.Release|Any CPU.Build.0 = Release|Any CPU
		{E52AC238-5B4A-4732-812B-AC70F6805BB2}.Release|x64.ActiveCfg = Release|Any CPU
		{E52AC238-5B4A-4732-812B-AC70F6805BB2}.Release|x64.Build.0 = Release|Any CPU
		{E52AC238-5B4A-4732-812B-AC70F6805BB2}.Release|x86.ActiveCfg = Release|Any CPU
		{E52AC238-5B4A-4732-812B-AC70F6805BB2}.Release|x86.Build.0 = Release|Any CPU
		{34E68556-F7DF-41F1-B3D1-0DD6DDDF12A6}.Debug|Any CPU.ActiveCfg = Debug|Any CPU
		{34E68556-F7DF-41F1-B3D1-0DD6DDDF12A6}.Debug|Any CPU.Build.0 = Debug|Any CPU
		{34E68556-F7DF-41F1-B3D1-0DD6DDDF12A6}.Debug|x64.ActiveCfg = Debug|Any CPU
		{34E68556-F7DF-41F1-B3D1-0DD6DDDF12A6}.Debug|x64.Build.0 = Debug|Any CPU
		{34E68556-F7DF-41F1-B3D1-0DD6DDDF12A6}.Debug|x86.ActiveCfg = Debug|Any CPU
		{34E68556-F7DF-41F1-B3D1-0DD6DDDF12A6}.Debug|x86.Build.0 = Debug|Any CPU
		{34E68556-F7DF-41F1-B3D1-0DD6DDDF12A6}.Release|Any CPU.ActiveCfg = Release|Any CPU
		{34E68556-F7DF-41F1-B3D1-0DD6DDDF12A6}.Release|Any CPU.Build.0 = Release|Any CPU
		{34E68556-F7DF-41F1-B3D1-0DD6DDDF12A6}.Release|x64.ActiveCfg = Release|Any CPU
		{34E68556-F7DF-41F1-B3D1-0DD6DDDF12A6}.Release|x64.Build.0 = Release|Any CPU
		{34E68556-F7DF-41F1-B3D1-0DD6DDDF12A6}.Release|x86.ActiveCfg = Release|Any CPU
		{34E68556-F7DF-41F1-B3D1-0DD6DDDF12A6}.Release|x86.Build.0 = Release|Any CPU
		{07AFDFD4-93A5-4E3B-8708-63D82995805A}.Debug|Any CPU.ActiveCfg = Debug|Any CPU
		{07AFDFD4-93A5-4E3B-8708-63D82995805A}.Debug|Any CPU.Build.0 = Debug|Any CPU
		{07AFDFD4-93A5-4E3B-8708-63D82995805A}.Debug|x64.ActiveCfg = Debug|Any CPU
		{07AFDFD4-93A5-4E3B-8708-63D82995805A}.Debug|x64.Build.0 = Debug|Any CPU
		{07AFDFD4-93A5-4E3B-8708-63D82995805A}.Debug|x86.ActiveCfg = Debug|Any CPU
		{07AFDFD4-93A5-4E3B-8708-63D82995805A}.Debug|x86.Build.0 = Debug|Any CPU
		{07AFDFD4-93A5-4E3B-8708-63D82995805A}.Release|Any CPU.ActiveCfg = Release|Any CPU
		{07AFDFD4-93A5-4E3B-8708-63D82995805A}.Release|Any CPU.Build.0 = Release|Any CPU
		{07AFDFD4-93A5-4E3B-8708-63D82995805A}.Release|x64.ActiveCfg = Release|Any CPU
		{07AFDFD4-93A5-4E3B-8708-63D82995805A}.Release|x64.Build.0 = Release|Any CPU
		{07AFDFD4-93A5-4E3B-8708-63D82995805A}.Release|x86.ActiveCfg = Release|Any CPU
		{07AFDFD4-93A5-4E3B-8708-63D82995805A}.Release|x86.Build.0 = Release|Any CPU
		{09CB1592-49AF-401E-AF51-30467C0B86BA}.Debug|Any CPU.ActiveCfg = Debug|Any CPU
		{09CB1592-49AF-401E-AF51-30467C0B86BA}.Debug|Any CPU.Build.0 = Debug|Any CPU
		{09CB1592-49AF-401E-AF51-30467C0B86BA}.Debug|x64.ActiveCfg = Debug|Any CPU
		{09CB1592-49AF-401E-AF51-30467C0B86BA}.Debug|x64.Build.0 = Debug|Any CPU
		{09CB1592-49AF-401E-AF51-30467C0B86BA}.Debug|x86.ActiveCfg = Debug|Any CPU
		{09CB1592-49AF-401E-AF51-30467C0B86BA}.Debug|x86.Build.0 = Debug|Any CPU
		{09CB1592-49AF-401E-AF51-30467C0B86BA}.Release|Any CPU.ActiveCfg = Release|Any CPU
		{09CB1592-49AF-401E-AF51-30467C0B86BA}.Release|Any CPU.Build.0 = Release|Any CPU
		{09CB1592-49AF-401E-AF51-30467C0B86BA}.Release|x64.ActiveCfg = Release|Any CPU
		{09CB1592-49AF-401E-AF51-30467C0B86BA}.Release|x64.Build.0 = Release|Any CPU
		{09CB1592-49AF-401E-AF51-30467C0B86BA}.Release|x86.ActiveCfg = Release|Any CPU
		{09CB1592-49AF-401E-AF51-30467C0B86BA}.Release|x86.Build.0 = Release|Any CPU
		{B51F314B-306F-4759-A1AE-5358210EF3B2}.Debug|Any CPU.ActiveCfg = Debug|Any CPU
		{B51F314B-306F-4759-A1AE-5358210EF3B2}.Debug|Any CPU.Build.0 = Debug|Any CPU
		{B51F314B-306F-4759-A1AE-5358210EF3B2}.Debug|x64.ActiveCfg = Debug|Any CPU
		{B51F314B-306F-4759-A1AE-5358210EF3B2}.Debug|x64.Build.0 = Debug|Any CPU
		{B51F314B-306F-4759-A1AE-5358210EF3B2}.Debug|x86.ActiveCfg = Debug|Any CPU
		{B51F314B-306F-4759-A1AE-5358210EF3B2}.Debug|x86.Build.0 = Debug|Any CPU
		{B51F314B-306F-4759-A1AE-5358210EF3B2}.Release|Any CPU.ActiveCfg = Release|Any CPU
		{B51F314B-306F-4759-A1AE-5358210EF3B2}.Release|Any CPU.Build.0 = Release|Any CPU
		{B51F314B-306F-4759-A1AE-5358210EF3B2}.Release|x64.ActiveCfg = Release|Any CPU
		{B51F314B-306F-4759-A1AE-5358210EF3B2}.Release|x64.Build.0 = Release|Any CPU
		{B51F314B-306F-4759-A1AE-5358210EF3B2}.Release|x86.ActiveCfg = Release|Any CPU
		{B51F314B-306F-4759-A1AE-5358210EF3B2}.Release|x86.Build.0 = Release|Any CPU
		{DF8B9E52-58BC-4789-B341-A87003802F5E}.Debug|Any CPU.ActiveCfg = Debug|Any CPU
		{DF8B9E52-58BC-4789-B341-A87003802F5E}.Debug|Any CPU.Build.0 = Debug|Any CPU
		{DF8B9E52-58BC-4789-B341-A87003802F5E}.Debug|x64.ActiveCfg = Debug|Any CPU
		{DF8B9E52-58BC-4789-B341-A87003802F5E}.Debug|x64.Build.0 = Debug|Any CPU
		{DF8B9E52-58BC-4789-B341-A87003802F5E}.Debug|x86.ActiveCfg = Debug|Any CPU
		{DF8B9E52-58BC-4789-B341-A87003802F5E}.Debug|x86.Build.0 = Debug|Any CPU
		{DF8B9E52-58BC-4789-B341-A87003802F5E}.Release|Any CPU.ActiveCfg = Release|Any CPU
		{DF8B9E52-58BC-4789-B341-A87003802F5E}.Release|Any CPU.Build.0 = Release|Any CPU
		{DF8B9E52-58BC-4789-B341-A87003802F5E}.Release|x64.ActiveCfg = Release|Any CPU
		{DF8B9E52-58BC-4789-B341-A87003802F5E}.Release|x64.Build.0 = Release|Any CPU
		{DF8B9E52-58BC-4789-B341-A87003802F5E}.Release|x86.ActiveCfg = Release|Any CPU
		{DF8B9E52-58BC-4789-B341-A87003802F5E}.Release|x86.Build.0 = Release|Any CPU
	EndGlobalSection
	GlobalSection(SolutionProperties) = preSolution
		HideSolutionNode = FALSE
	EndGlobalSection
	GlobalSection(NestedProjects) = preSolution
		{C0BAFD1E-7CAF-4FFD-A891-F460093292C4} = {19F0D62F-C9A7-4735-999C-208AA22C1496}
		{5490BC4F-55A5-4BDA-80DA-F24DACCA2571} = {19F0D62F-C9A7-4735-999C-208AA22C1496}
		{8A83AAF7-EBBF-4207-AA2D-14D33810D7E8} = {F7683125-C116-4C30-8C48-2A614128C8C0}
		{E52AC238-5B4A-4732-812B-AC70F6805BB2} = {F7683125-C116-4C30-8C48-2A614128C8C0}
		{34E68556-F7DF-41F1-B3D1-0DD6DDDF12A6} = {F7683125-C116-4C30-8C48-2A614128C8C0}
		{07AFDFD4-93A5-4E3B-8708-63D82995805A} = {CFC05672-CD8C-45E7-A838-D06B0E55ED7F}
		{09CB1592-49AF-401E-AF51-30467C0B86BA} = {CFC05672-CD8C-45E7-A838-D06B0E55ED7F}
		{B51F314B-306F-4759-A1AE-5358210EF3B2} = {CFC05672-CD8C-45E7-A838-D06B0E55ED7F}
		{DF8B9E52-58BC-4789-B341-A87003802F5E} = {CFC05672-CD8C-45E7-A838-D06B0E55ED7F}
	EndGlobalSection
	GlobalSection(ExtensibilityGlobals) = postSolution
		SolutionGuid = {D0EC79A4-7AB9-4220-9578-763221D5F485}
	EndGlobalSection
EndGlobal
